
Microsoft Visual Studio Solution File, Format Version 12.00
# Visual Studio Version 16
VisualStudioVersion = 16.0.30907.101
MinimumVisualStudioVersion = 10.0.40219.1
Project("{FAE04EC0-301F-11D3-BF4B-00C04F79EFBC}") = "Aula60", "Aula60.csproj", "{784F0A86-B31C-4BD4-83F3-56CC03FEF8CC}"
EndProject
Global
	GlobalSection(SolutionConfigurationPlatforms) = preSolution
		Debug|Any CPU = Debug|Any CPU
		Release|Any CPU = Release|Any CPU
	EndGlobalSection
	GlobalSection(ProjectConfigurationPlatforms) = postSolution
		{784F0A86-B31C-4BD4-83F3-56CC03FEF8CC}.Debug|Any CPU.ActiveCfg = Debug|Any CPU
		{784F0A86-B31C-4BD4-83F3-56CC03FEF8CC}.Debug|Any CPU.Build.0 = Debug|Any CPU
		{784F0A86-B31C-4BD4-83F3-56CC03FEF8CC}.Release|Any CPU.ActiveCfg = Release|Any CPU
		{784F0A86-B31C-4BD4-83F3-56CC03FEF8CC}.Release|Any CPU.Build.0 = Release|Any CPU
	EndGlobalSection
	GlobalSection(SolutionProperties) = preSolution
		HideSolutionNode = FALSE
	EndGlobalSection
	GlobalSection(ExtensibilityGlobals) = postSolution
		SolutionGuid = {3695FFA5-CAD9-410E-BD13-572680645CF3}
	EndGlobalSection
EndGlobal
